uuid: 0b64ce12-a398-42c6-bf3f-d7bf192c2f82
langcode: en
status: true
dependencies:
  content:
    - 'block_content:basic:394042dd-b732-4f0d-a110-d00fafb88168'
  module:
    - block_content
  theme:
    - frams
id: frapopupblock
theme: frams
region: sidebar_menu
weight: 0
provider: null
plugin: 'block_content:394042dd-b732-4f0d-a110-d00fafb88168'
settings:
  id: 'block_content:394042dd-b732-4f0d-a110-d00fafb88168'
  label: 'fra popup block'
  provider: block_content
  label_display: '0'
  status: true
  info: ''
  view_mode: full
visibility: {  }
