uuid: 17b178f1-0dd0-4911-b1c3-adde7fbfcbcf
langcode: en
status: true
dependencies:
  config:
    - block_content.type.basic
    - user.role.administrator
    - user.role.archives
    - user.role.claimant
    - user.role.dlc
    - user.role.frc
    - user.role.sdlc
  module:
    - block_content
    - search
    - user
id: custom_block
label: 'Custom Block'
module: views
description: ''
tag: ''
base_table: block_content_field_data
base_field: id
display:
  default:
    display_plugin: default
    id: default
    display_title: Master
    position: 0
    display_options:
      access:
        type: role
        options:
          role:
            frc: frc
      cache:
        type: tag
        options: {  }
      query:
        type: views_query
        options:
          disable_sql_rewrite: false
          distinct: false
          replica: false
          query_comment: ''
          query_tags: {  }
      exposed_form:
        type: basic
        options:
          submit_button: Apply
          reset_button: false
          reset_button_label: Reset
          exposed_sorts_label: 'Sort by'
          expose_sort_order: true
          sort_asc_label: Asc
          sort_desc_label: Desc
      pager:
        type: some
        options:
          items_per_page: 1
          offset: 1000
      style:
        type: default
      row:
        type: search_view
        options:
          score: true
      fields:
        info:
          table: block_content_field_data
          field: info
          id: info
          entity_type: null
          entity_field: info
          plugin_id: field
          relationship: none
          group_type: group
          admin_label: ''
          label: ''
          exclude: false
          alter:
            alter_text: false
            text: ''
            make_link: false
            path: ''
            absolute: false
            external: false
            replace_spaces: false
            path_case: none
            trim_whitespace: false
            alt: ''
            rel: ''
            link_class: ''
            prefix: ''
            suffix: ''
            target: ''
            nl2br: false
            max_length: 0
            word_boundary: true
            ellipsis: true
            more_link: false
            more_link_text: ''
            more_link_path: ''
            strip_tags: false
            trim: false
            preserve_tags: ''
            html: false
          element_type: ''
          element_class: ''
          element_label_type: ''
          element_label_class: ''
          element_label_colon: true
          element_wrapper_type: ''
          element_wrapper_class: ''
          element_default_classes: true
          empty: ''
          hide_empty: false
          empty_zero: false
          hide_alter_empty: true
          click_sort_column: value
          type: string
          settings: {  }
          group_column: value
          group_columns: {  }
          group_rows: true
          delta_limit: 0
          delta_offset: 0
          delta_reversed: false
          delta_first_last: false
          multi_type: separator
          separator: ', '
          field_api_classes: false
      filters:
        status:
          id: status
          table: block_content_field_data
          field: status
          relationship: none
          group_type: group
          admin_label: ''
          operator: '='
          value: '0'
          group: 1
          exposed: false
          expose:
            operator_id: ''
            label: ''
            description: ''
            use_operator: false
            operator: ''
            operator_limit_selection: false
            operator_list: {  }
            identifier: ''
            required: false
            remember: false
            multiple: false
            remember_roles:
              authenticated: authenticated
          is_grouped: false
          group_info:
            label: ''
            description: ''
            identifier: ''
            optional: true
            widget: select
            multiple: false
            remember: false
            default_group: All
            default_group_multiple: {  }
            group_items: {  }
          plugin_id: boolean
          entity_type: block_content
          entity_field: status
        reusable:
          id: reusable
          plugin_id: boolean
          table: block_content_field_data
          field: reusable
          value: '1'
          entity_type: block_content
          entity_field: reusable
          expose:
            operator_limit_selection: false
            operator_list: {  }
        type:
          id: type
          table: block_content_field_data
          field: type
          value:
            basic: basic
          entity_type: block_content
          entity_field: type
          plugin_id: bundle
          expose:
            operator_limit_selection: false
            operator_list: {  }
      sorts: {  }
      title: 'Custom Block'
      header:
        area_text_custom:
          id: area_text_custom
          table: views
          field: area_text_custom
          relationship: none
          group_type: group
          admin_label: ''
          empty: true
          tokenize: false
          content: '<p><a class="px-3 btn btn-md btn-block btn-success" href="/node/add/application/archives">Add Archive</a></p>'
          plugin_id: text_custom
      footer: {  }
      empty: {  }
      relationships: {  }
      arguments: {  }
      display_extenders: {  }
    cache_metadata:
      max-age: -1
      contexts:
        - 'languages:language_content'
        - 'languages:language_interface'
        - user.roles
      tags: {  }
  block_1:
    display_plugin: block
    id: block_1
    display_title: 'Add new Application'
    position: 1
    display_options:
      display_extenders: {  }
      display_description: ''
      access:
        type: role
        options:
          role:
            claimant: claimant
      defaults:
        access: false
        header: false
      header:
        area_text_custom:
          id: area_text_custom
          table: views
          field: area_text_custom
          relationship: none
          group_type: group
          admin_label: ''
          empty: true
          tokenize: false
          content: '<p><a class="btn btn-md btn-success" href="/node/add/application/claimant">Add New Application</a></p>'
          plugin_id: text_custom
      block_description: 'Add New Application'
    cache_metadata:
      max-age: -1
      contexts:
        - 'languages:language_content'
        - 'languages:language_interface'
        - user.roles
      tags: {  }
  block_2:
    display_plugin: block
    id: block_2
    display_title: 'Add Archives'
    position: 1
    display_options:
      display_extenders: {  }
      display_description: ''
      access:
        type: role
        options:
          role:
            administrator: administrator
            sdlc: sdlc
            dlc: dlc
            archives: archives
            frc: frc
      defaults:
        access: false
      block_description: 'Add Archives'
    cache_metadata:
      max-age: -1
      contexts:
        - 'languages:language_content'
        - 'languages:language_interface'
        - user.roles
      tags: {  }
  block_3:
    display_plugin: block
    id: block_3
    display_title: 'Add Community Rights'
    position: 3
    display_options:
      display_extenders: {  }
      display_description: ''
      header:
        area_text_custom:
          id: area_text_custom
          table: views
          field: area_text_custom
          relationship: none
          group_type: group
          admin_label: ''
          empty: true
          tokenize: false
          content: "<a class=\"btn shadow btn-md btn-primary\" href=\"/node/add/community_rights\">Apply Now for <br />Community Rights</a>\r\n<a class=\"btn shadow btn-md btn-primary\" href=\"/node/add/dev_rights\">Apply Now for <br />Community Rights to Forest Resource</a>"
          plugin_id: text_custom
      defaults:
        header: false
      block_description: 'Add Community'
    cache_metadata:
      max-age: -1
      contexts:
        - 'languages:language_content'
        - 'languages:language_interface'
        - user.roles
      tags: {  }
